
Microsoft Visual Studio Solution File, Format Version 12.00
# Visual Studio Version 17
VisualStudioVersion = 17.5.33516.290
MinimumVisualStudioVersion = 10.0.40219.1
Project("{FAE04EC0-301F-11D3-BF4B-00C04F79EFBC}") = "MojiModel", "MojiModel.csproj", "{FFD126C1-B22C-424F-9D04-B1507EADBB56}"
EndProject
Global
	GlobalSection(SolutionConfigurationPlatforms) = preSolution
		Debug|Any CPU = Debug|Any CPU
		Debug|x86 = Debug|x86
		Release|Any CPU = Release|Any CPU
		Release|x86 = Release|x86
	EndGlobalSection
	GlobalSection(ProjectConfigurationPlatforms) = postSolution
		{FFD126C1-B22C-424F-9D04-B1507EADBB56}.Debug|Any CPU.ActiveCfg = Debug|Any CPU
		{FFD126C1-B22C-424F-9D04-B1507EADBB56}.Debug|Any CPU.Build.0 = Debug|Any CPU
		{FFD126C1-B22C-424F-9D04-B1507EADBB56}.Debug|x86.ActiveCfg = Release|Any CPU
		{FFD126C1-B22C-424F-9D04-B1507EADBB56}.Debug|x86.Build.0 = Release|Any CPU
		{FFD126C1-B22C-424F-9D04-B1507EADBB56}.Release|Any CPU.ActiveCfg = Release|Any CPU
		{FFD126C1-B22C-424F-9D04-B1507EADBB56}.Release|Any CPU.Build.0 = Release|Any CPU
		{FFD126C1-B22C-424F-9D04-B1507EADBB56}.Release|x86.ActiveCfg = Release|Any CPU
		{FFD126C1-B22C-424F-9D04-B1507EADBB56}.Release|x86.Build.0 = Release|Any CPU
	EndGlobalSection
	GlobalSection(SolutionProperties) = preSolution
		HideSolutionNode = FALSE
	EndGlobalSection
	GlobalSection(ExtensibilityGlobals) = postSolution
		SolutionGuid = {5A950DDF-C150-43DE-8AFD-F819F3D24715}
	EndGlobalSection
EndGlobal
